
Microsoft Visual Studio Solution File, Format Version 12.00
# Visual Studio Version 16
VisualStudioVersion = 16.0.31624.102
MinimumVisualStudioVersion = 10.0.40219.1
Project("{FAE04EC0-301F-11D3-BF4B-00C04F79EFBC}") = "VSTempCleaner", "VSTempCleaner\VSTempCleaner.csproj", "{0362601D-CC67-486F-B3D0-0CD8DDB3625A}"
EndProject
Project("{FAE04EC0-301F-11D3-BF4B-00C04F79EFBC}") = "TestTempCleaner", "TestTempCleaner\TestTempCleaner.csproj", "{EEC56ACB-CA1F-4530-91A8-D88FF5A2B80A}"
EndProject
Global
	GlobalSection(SolutionConfigurationPlatforms) = preSolution
		Debug|Any CPU = Debug|Any CPU
		Release|Any CPU = Release|Any CPU
	EndGlobalSection
	GlobalSection(ProjectConfigurationPlatforms) = postSolution
		{0362601D-CC67-486F-B3D0-0CD8DDB3625A}.Debug|Any CPU.ActiveCfg = Debug|Any CPU
		{0362601D-CC67-486F-B3D0-0CD8DDB3625A}.Debug|Any CPU.Build.0 = Debug|Any CPU
		{0362601D-CC67-486F-B3D0-0CD8DDB3625A}.Release|Any CPU.ActiveCfg = Release|Any CPU
		{0362601D-CC67-486F-B3D0-0CD8DDB3625A}.Release|Any CPU.Build.0 = Release|Any CPU
		{EEC56ACB-CA1F-4530-91A8-D88FF5A2B80A}.Debug|Any CPU.ActiveCfg = Debug|Any CPU
		{EEC56ACB-CA1F-4530-91A8-D88FF5A2B80A}.Debug|Any CPU.Build.0 = Debug|Any CPU
		{EEC56ACB-CA1F-4530-91A8-D88FF5A2B80A}.Release|Any CPU.ActiveCfg = Release|Any CPU
		{EEC56ACB-CA1F-4530-91A8-D88FF5A2B80A}.Release|Any CPU.Build.0 = Release|Any CPU
	EndGlobalSection
	GlobalSection(SolutionProperties) = preSolution
		HideSolutionNode = FALSE
	EndGlobalSection
	GlobalSection(ExtensibilityGlobals) = postSolution
		SolutionGuid = {468CB50C-94AB-4442-A5D0-949445BF261D}
	EndGlobalSection
EndGlobal
